// !$*UTF8*$!
{
	archiveVersion = 1;
	classes = {
	};
	objectVersion = 46;
	objects = {

/* Begin PBXBuildFile section */
		09822BB81B2FB051000F0287 /* Ding-dong.aif in Resources */ = {isa = PBXBuildFile; fileRef = 09822BB11B2FB051000F0287 /* Ding-dong.aif */; };
		09822BB91B2FB051000F0287 /* Ding.aif in Resources */ = {isa = PBXBuildFile; fileRef = 09822BB21B2FB051000F0287 /* Ding.aif */; };
		09822BBA1B2FB051000F0287 /* Dong.aif in Resources */ = {isa = PBXBuildFile; fileRef = 09822BB31B2FB051000F0287 /* Dong.aif */; };
		09822BBB1B2FB051000F0287 /* Face.png in Resources */ = {isa = PBXBuildFile; fileRef = 09822BB41B2FB051000F0287 /* Face.png */; };
		09822BBC1B2FB051000F0287 /* HourHand.png in Resources */ = {isa = PBXBuildFile; fileRef = 09822BB51B2FB051000F0287 /* HourHand.png */; };
		09822BBD1B2FB051000F0287 /* MinuteHand.png in Resources */ = {isa = PBXBuildFile; fileRef = 09822BB61B2FB051000F0287 /* MinuteHand.png */; };
		09822BBE1B2FB051000F0287 /* SecondHand.png in Resources */ = {isa = PBXBuildFile; fileRef = 09822BB71B2FB051000F0287 /* SecondHand.png */; };
		3FE8CAF91B02D6BF003DDC04 /* AppDelegate.swift in Sources */ = {isa = PBXBuildFile; fileRef = 3FE8CAF81B02D6BF003DDC04 /* AppDelegate.swift */; };
		3FE8CAFB1B02D6BF003DDC04 /* ViewController.swift in Sources */ = {isa = PBXBuildFile; fileRef = 3FE8CAFA1B02D6BF003DDC04 /* ViewController.swift */; };
		3FE8CAFE1B02D6BF003DDC04 /* Main.storyboard in Resources */ = {isa = PBXBuildFile; fileRef = 3FE8CAFC1B02D6BF003DDC04 /* Main.storyboard */; };
		3FE8CB001B02D6BF003DDC04 /* Images.xcassets in Resources */ = {isa = PBXBuildFile; fileRef = 3FE8CAFF1B02D6BF003DDC04 /* Images.xcassets */; };
		3FE8CB031B02D6BF003DDC04 /* LaunchScreen.xib in Resources */ = {isa = PBXBuildFile; fileRef = 3FE8CB011B02D6BF003DDC04 /* LaunchScreen.xib */; };
		3FE8CB0F1B02D6BF003DDC04 /* TimeChimeTests.swift in Sources */ = {isa = PBXBuildFile; fileRef = 3FE8CB0E1B02D6BF003DDC04 /* TimeChimeTests.swift */; };
		3FE8CB1F1B02E2D3003DDC04 /* Model.swift in Sources */ = {isa = PBXBuildFile; fileRef = 3FE8CB1E1B02E2D3003DDC04 /* Model.swift */; };
/* End PBXBuildFile section */

/* Begin PBXContainerItemProxy section */
		3FE8CB091B02D6BF003DDC04 /* PBXContainerItemProxy */ = {
			isa = PBXContainerItemProxy;
			containerPortal = 3FE8CAEB1B02D6BF003DDC04 /* Project object */;
			proxyType = 1;
			remoteGlobalIDString = 3FE8CAF21B02D6BF003DDC04;
			remoteInfo = TimeChime;
		};
/* End PBXContainerItemProxy section */

/* Begin PBXFileReference section */
		09822BB11B2FB051000F0287 /* Ding-dong.aif */ = {isa = PBXFileReference; lastKnownFileType = file; path = "Ding-dong.aif"; sourceTree = "<group>"; };
		09822BB21B2FB051000F0287 /* Ding.aif */ = {isa = PBXFileReference; lastKnownFileType = file; path = Ding.aif; sourceTree = "<group>"; };
		09822BB31B2FB051000F0287 /* Dong.aif */ = {isa = PBXFileReference; lastKnownFileType = file; path = Dong.aif; sourceTree = "<group>"; };
		09822BB41B2FB051000F0287 /* Face.png */ = {isa = PBXFileReference; lastKnownFileType = image.png; path = Face.png; sourceTree = "<group>"; };
		09822BB51B2FB051000F0287 /* HourHand.png */ = {isa = PBXFileReference; lastKnownFileType = image.png; path = HourHand.png; sourceTree = "<group>"; };
		09822BB61B2FB051000F0287 /* MinuteHand.png */ = {isa = PBXFileReference; lastKnownFileType = image.png; path = MinuteHand.png; sourceTree = "<group>"; };
		09822BB71B2FB051000F0287 /* SecondHand.png */ = {isa = PBXFileReference; lastKnownFileType = image.png; path = SecondHand.png; sourceTree = "<group>"; };
		3FE8CAF31B02D6BF003DDC04 /* TimeChime.app */ = {isa = PBXFileReference; explicitFileType = wrapper.application; includeInIndex = 0; path = TimeChime.app; sourceTree = BUILT_PRODUCTS_DIR; };
		3FE8CAF71B02D6BF003DDC04 /* Info.plist */ = {isa = PBXFileReference; lastKnownFileType = text.plist.xml; path = Info.plist; sourceTree = "<group>"; };
		3FE8CAF81B02D6BF003DDC04 /* AppDelegate.swift */ = {isa = PBXFileReference; lastKnownFileType = sourcecode.swift; path = AppDelegate.swift; sourceTree = "<group>"; };
		3FE8CAFA1B02D6BF003DDC04 /* ViewController.swift */ = {isa = PBXFileReference; lastKnownFileType = sourcecode.swift; path = ViewController.swift; sourceTree = "<group>"; };
		3FE8CAFD1B02D6BF003DDC04 /* Base */ = {isa = PBXFileReference; lastKnownFileType = file.storyboard; name = Base; path = Base.lproj/Main.storyboard; sourceTree = "<group>"; };
		3FE8CAFF1B02D6BF003DDC04 /* Images.xcassets */ = {isa = PBXFileReference; lastKnownFileType = folder.assetcatalog; path = Images.xcassets; sourceTree = "<group>"; };
		3FE8CB021B02D6BF003DDC04 /* Base */ = {isa = PBXFileReference; lastKnownFileType = file.xib; name = Base; path = Base.lproj/LaunchScreen.xib; sourceTree = "<group>"; };
		3FE8CB081B02D6BF003DDC04 /* TimeChimeTests.xctest */ = {isa = PBXFileReference; explicitFileType = wrapper.cfbundle; includeInIndex = 0; path = TimeChimeTests.xctest; sourceTree = BUILT_PRODUCTS_DIR; };
		3FE8CB0D1B02D6BF003DDC04 /* Info.plist */ = {isa = PBXFileReference; lastKnownFileType = text.plist.xml; path = Info.plist; sourceTree = "<group>"; };
		3FE8CB0E1B02D6BF003DDC04 /* TimeChimeTests.swift */ = {isa = PBXFileReference; lastKnownFileType = sourcecode.swift; path = TimeChimeTests.swift; sourceTree = "<group>"; };
		3FE8CB1E1B02E2D3003DDC04 /* Model.swift */ = {isa = PBXFileReference; fileEncoding = 4; lastKnownFileType = sourcecode.swift; path = Model.swift; sourceTree = "<group>"; };
/* End PBXFileReference section */

/* Begin PBXFrameworksBuildPhase section */
		3FE8CAF01B02D6BF003DDC04 /* Frameworks */ = {
			isa = PBXFrameworksBuildPhase;
			buildActionMask = 2147483647;
			files = (
			);
			runOnlyForDeploymentPostprocessing = 0;
		};
		3FE8CB051B02D6BF003DDC04 /* Frameworks */ = {
			isa = PBXFrameworksBuildPhase;
			buildActionMask = 2147483647;
			files = (
			);
			runOnlyForDeploymentPostprocessing = 0;
		};
/* End PBXFrameworksBuildPhase section */

/* Begin PBXGroup section */
		3FE8CAEA1B02D6BF003DDC04 = {
			isa = PBXGroup;
			children = (
				09822BB11B2FB051000F0287 /* Ding-dong.aif */,
				09822BB21B2FB051000F0287 /* Ding.aif */,
				09822BB31B2FB051000F0287 /* Dong.aif */,
				09822BB41B2FB051000F0287 /* Face.png */,
				09822BB51B2FB051000F0287 /* HourHand.png */,
				09822BB61B2FB051000F0287 /* MinuteHand.png */,
				09822BB71B2FB051000F0287 /* SecondHand.png */,
				3FE8CAF51B02D6BF003DDC04 /* TimeChime */,
				3FE8CB0B1B02D6BF003DDC04 /* TimeChimeTests */,
				3FE8CAF41B02D6BF003DDC04 /* Products */,
			);
			sourceTree = "<group>";
		};
		3FE8CAF41B02D6BF003DDC04 /* Products */ = {
			isa = PBXGroup;
			children = (
				3FE8CAF31B02D6BF003DDC04 /* TimeChime.app */,
				3FE8CB081B02D6BF003DDC04 /* TimeChimeTests.xctest */,
			);
			name = Products;
			sourceTree = "<group>";
		};
		3FE8CAF51B02D6BF003DDC04 /* TimeChime */ = {
			isa = PBXGroup;
			children = (
				3FE8CAFC1B02D6BF003DDC04 /* Main.storyboard */,
				3FE8CAF81B02D6BF003DDC04 /* AppDelegate.swift */,
				3FE8CAFA1B02D6BF003DDC04 /* ViewController.swift */,
				3FE8CB1E1B02E2D3003DDC04 /* Model.swift */,
				3FE8CAFF1B02D6BF003DDC04 /* Images.xcassets */,
				3FE8CB011B02D6BF003DDC04 /* LaunchScreen.xib */,
				3FE8CAF61B02D6BF003DDC04 /* Supporting Files */,
			);
			path = TimeChime;
			sourceTree = "<group>";
		};
		3FE8CAF61B02D6BF003DDC04 /* Supporting Files */ = {
			isa = PBXGroup;
			children = (
				3FE8CAF71B02D6BF003DDC04 /* Info.plist */,
			);
			name = "Supporting Files";
			sourceTree = "<group>";
		};
		3FE8CB0B1B02D6BF003DDC04 /* TimeChimeTests */ = {
			isa = PBXGroup;
			children = (
				3FE8CB0E1B02D6BF003DDC04 /* TimeChimeTests.swift */,
				3FE8CB0C1B02D6BF003DDC04 /* Supporting Files */,
			);
			path = TimeChimeTests;
			sourceTree = "<group>";
		};
		3FE8CB0C1B02D6BF003DDC04 /* Supporting Files */ = {
			isa = PBXGroup;
			children = (
				3FE8CB0D1B02D6BF003DDC04 /* Info.plist */,
			);
			name = "Supporting Files";
			sourceTree = "<group>";
		};
/* End PBXGroup section */

/* Begin PBXNativeTarget section */
		3FE8CAF21B02D6BF003DDC04 /* TimeChime */ = {
			isa = PBXNativeTarget;
			buildConfigurationList = 3FE8CB121B02D6BF003DDC04 /* Build configuration list for PBXNativeTarget "TimeChime" */;
			buildPhases = (
				3FE8CAEF1B02D6BF003DDC04 /* Sources */,
				3FE8CAF01B02D6BF003DDC04 /* Frameworks */,
				3FE8CAF11B02D6BF003DDC04 /* Resources */,
			);
			buildRules = (
			);
			dependencies = (
			);
			name = TimeChime;
			productName = TimeChime;
			productReference = 3FE8CAF31B02D6BF003DDC04 /* TimeChime.app */;
			productType = "com.apple.product-type.application";
		};
		3FE8CB071B02D6BF003DDC04 /* TimeChimeTests */ = {
			isa = PBXNativeTarget;
			buildConfigurationList = 3FE8CB151B02D6BF003DDC04 /* Build configuration list for PBXNativeTarget "TimeChimeTests" */;
			buildPhases = (
				3FE8CB041B02D6BF003DDC04 /* Sources */,
				3FE8CB051B02D6BF003DDC04 /* Frameworks */,
				3FE8CB061B02D6BF003DDC04 /* Resources */,
			);
			buildRules = (
			);
			dependencies = (
				3FE8CB0A1B02D6BF003DDC04 /* PBXTargetDependency */,
			);
			name = TimeChimeTests;
			productName = TimeChimeTests;
			productReference = 3FE8CB081B02D6BF003DDC04 /* TimeChimeTests.xctest */;
			productType = "com.apple.product-type.bundle.unit-test";
		};
/* End PBXNativeTarget section */

/* Begin PBXProject section */
		3FE8CAEB1B02D6BF003DDC04 /* Project object */ = {
			isa = PBXProject;
			attributes = {
				LastSwiftMigration = 0700;
				LastSwiftUpdateCheck = 0700;
				LastUpgradeCheck = 0610;
				ORGANIZATIONNAME = SCC;
				TargetAttributes = {
					3FE8CAF21B02D6BF003DDC04 = {
						CreatedOnToolsVersion = 6.1.1;
						LastSwiftMigration = 0810;
					};
					3FE8CB071B02D6BF003DDC04 = {
						CreatedOnToolsVersion = 6.1.1;
						LastSwiftMigration = 0810;
						TestTargetID = 3FE8CAF21B02D6BF003DDC04;
					};
				};
			};
			buildConfigurationList = 3FE8CAEE1B02D6BF003DDC04 /* Build configuration list for PBXProject "TimeChime" */;
			compatibilityVersion = "Xcode 3.2";
			developmentRegion = English;
			hasScannedForEncodings = 0;
			knownRegions = (
				en,
				Base,
			);
			mainGroup = 3FE8CAEA1B02D6BF003DDC04;
			productRefGroup = 3FE8CAF41B02D6BF003DDC04 /* Products */;
			projectDirPath = "";
			projectRoot = "";
			targets = (
				3FE8CAF21B02D6BF003DDC04 /* TimeChime */,
				3FE8CB071B02D6BF003DDC04 /* TimeChimeTests */,
			);
		};
/* End PBXProject section */

/* Begin PBXResourcesBuildPhase section */
		3FE8CAF11B02D6BF003DDC04 /* Resources */ = {
			isa = PBXResourcesBuildPhase;
			buildActionMask = 2147483647;
			files = (
				09822BBE1B2FB051000F0287 /* SecondHand.png in Resources */,
				09822BBC1B2FB051000F0287 /* HourHand.png in Resources */,
				09822BB91B2FB051000F0287 /* Ding.aif in Resources */,
				3FE8CAFE1B02D6BF003DDC04 /* Main.storyboard in Resources */,
				09822BBA1B2FB051000F0287 /* Dong.aif in Resources */,
				09822BBB1B2FB051000F0287 /* Face.png in Resources */,
				3FE8CB031B02D6BF003DDC04 /* LaunchScreen.xib in Resources */,
				09822BB81B2FB051000F0287 /* Ding-dong.aif in Resources */,
				09822BBD1B2FB051000F0287 /* MinuteHand.png in Resources */,
				3FE8CB001B02D6BF003DDC04 /* Images.xcassets in Resources */,
			);
			runOnlyForDeploymentPostprocessing = 0;
		};
		3FE8CB061B02D6BF003DDC04 /* Resources */ = {
			isa = PBXResourcesBuildPhase;
			buildActionMask = 2147483647;
			files = (
			);
			runOnlyForDeploymentPostprocessing = 0;
		};
/* End PBXResourcesBuildPhase section */

/* Begin PBXSourcesBuildPhase section */
		3FE8CAEF1B02D6BF003DDC04 /* Sources */ = {
			isa = PBXSourcesBuildPhase;
			buildActionMask = 2147483647;
			files = (
				3FE8CB1F1B02E2D3003DDC04 /* Model.swift in Sources */,
				3FE8CAFB1B02D6BF003DDC04 /* ViewController.swift in Sources */,
				3FE8CAF91B02D6BF003DDC04 /* AppDelegate.swift in Sources */,
			);
			runOnlyForDeploymentPostprocessing = 0;
		};
		3FE8CB041B02D6BF003DDC04 /* Sources */ = {
			isa = PBXSourcesBuildPhase;
			buildActionMask = 2147483647;
			files = (
				3FE8CB0F1B02D6BF003DDC04 /* TimeChimeTests.swift in Sources */,
			);
			runOnlyForDeploymentPostprocessing = 0;
		};
/* End PBXSourcesBuildPhase section */

/* Begin PBXTargetDependency section */
		3FE8CB0A1B02D6BF003DDC04 /* PBXTargetDependency */ = {
			isa = PBXTargetDependency;
			target = 3FE8CAF21B02D6BF003DDC04 /* TimeChime */;
			targetProxy = 3FE8CB091B02D6BF003DDC04 /* PBXContainerItemProxy */;
		};
/* End PBXTargetDependency section */

/* Begin PBXVariantGroup section */
		3FE8CAFC1B02D6BF003DDC04 /* Main.storyboard */ = {
			isa = PBXVariantGroup;
			children = (
				3FE8CAFD1B02D6BF003DDC04 /* Base */,
			);
			name = Main.storyboard;
			sourceTree = "<group>";
		};
		3FE8CB011B02D6BF003DDC04 /* LaunchScreen.xib */ = {
			isa = PBXVariantGroup;
			children = (
				3FE8CB021B02D6BF003DDC04 /* Base */,
			);
			name = LaunchScreen.xib;
			sourceTree = "<group>";
		};
/* End PBXVariantGroup section */

/* Begin XCBuildConfiguration section */
		3FE8CB101B02D6BF003DDC04 /* Debug */ = {
			isa = XCBuildConfiguration;
			buildSettings = {
				ALWAYS_SEARCH_USER_PATHS = NO;
				CLANG_CXX_LANGUAGE_STANDARD = "gnu++0x";
				CLANG_CXX_LIBRARY = "libc++";
				CLANG_ENABLE_MODULES = YES;
				CLANG_ENABLE_OBJC_ARC = YES;
				CLANG_WARN_BOOL_CONVERSION = YES;
				CLANG_WARN_CONSTANT_CONVERSION = YES;
				CLANG_WARN_DIRECT_OBJC_ISA_USAGE = YES_ERROR;
				CLANG_WARN_EMPTY_BODY = YES;
				CLANG_WARN_ENUM_CONVERSION = YES;
				CLANG_WARN_INT_CONVERSION = YES;
				CLANG_WARN_OBJC_ROOT_CLASS = YES_ERROR;
				CLANG_WARN_UNREACHABLE_CODE = YES;
				CLANG_WARN__DUPLICATE_METHOD_MATCH = YES;
				"CODE_SIGN_IDENTITY[sdk=iphoneos*]" = "iPhone Developer";
				COPY_PHASE_STRIP = NO;
				ENABLE_STRICT_OBJC_MSGSEND = YES;
				GCC_C_LANGUAGE_STANDARD = gnu99;
				GCC_DYNAMIC_NO_PIC = NO;
				GCC_OPTIMIZATION_LEVEL = 0;
				GCC_PREPROCESSOR_DEFINITIONS = (
					"DEBUG=1",
					"$(inherited)",
				);
				GCC_SYMBOLS_PRIVATE_EXTERN = NO;
				GCC_WARN_64_TO_32_BIT_CONVERSION = YES;
				GCC_WARN_ABOUT_RETURN_TYPE = YES_ERROR;
				GCC_WARN_UNDECLARED_SELECTOR = YES;
				GCC_WARN_UNINITIALIZED_AUTOS = YES_AGGRESSIVE;
				GCC_WARN_UNUSED_FUNCTION = YES;
				GCC_WARN_UNUSED_VARIABLE = YES;
				IPHONEOS_DEPLOYMENT_TARGET = 8.1;
				MTL_ENABLE_DEBUG_INFO = YES;
				ONLY_ACTIVE_ARCH = YES;
				SDKROOT = iphoneos;
				SWIFT_OPTIMIZATION_LEVEL = "-Onone";
			};
			name = Debug;
		};
		3FE8CB111B02D6BF003DDC04 /* Release */ = {
			isa = XCBuildConfiguration;
			buildSettings = {
				ALWAYS_SEARCH_USER_PATHS = NO;
				CLANG_CXX_LANGUAGE_STANDARD = "gnu++0x";
				CLANG_CXX_LIBRARY = "libc++";
				CLANG_ENABLE_MODULES = YES;
				CLANG_ENABLE_OBJC_ARC = YES;
				CLANG_WARN_BOOL_CONVERSION = YES;
				CLANG_WARN_CONSTANT_CONVERSION = YES;
				CLANG_WARN_DIRECT_OBJC_ISA_USAGE = YES_ERROR;
				CLANG_WARN_EMPTY_BODY = YES;
				CLANG_WARN_ENUM_CONVERSION = YES;
				CLANG_WARN_INT_CONVERSION = YES;
				CLANG_WARN_OBJC_ROOT_CLASS = YES_ERROR;
				CLANG_WARN_UNREACHABLE_CODE = YES;
				CLANG_WARN__DUPLICATE_METHOD_MATCH = YES;
				"CODE_SIGN_IDENTITY[sdk=iphoneos*]" = "iPhone Developer";
				COPY_PHASE_STRIP = YES;
				ENABLE_NS_ASSERTIONS = NO;
				ENABLE_STRICT_OBJC_MSGSEND = YES;
				GCC_C_LANGUAGE_STANDARD = gnu99;
				GCC_WARN_64_TO_32_BIT_CONVERSION = YES;
				GCC_WARN_ABOUT_RETURN_TYPE = YES_ERROR;
				GCC_WARN_UNDECLARED_SELECTOR = YES;
				GCC_WARN_UNINITIALIZED_AUTOS = YES_AGGRESSIVE;
				GCC_WARN_UNUSED_FUNCTION = YES;
				GCC_WARN_UNUSED_VARIABLE = YES;
				IPHONEOS_DEPLOYMENT_TARGET = 8.1;
				MTL_ENABLE_DEBUG_INFO = NO;
				SDKROOT = iphoneos;
				VALIDATE_PRODUCT = YES;
			};
			name = Release;
		};
		3FE8CB131B02D6BF003DDC04 /* Debug */ = {
			isa = XCBuildConfiguration;
			buildSettings = {
				ASSETCATALOG_COMPILER_APPICON_NAME = AppIcon;
				INFOPLIST_FILE = TimeChime/Info.plist;
				IPHONEOS_DEPLOYMENT_TARGET = 8.3;
				LD_RUNPATH_SEARCH_PATHS = "$(inherited) @executable_path/Frameworks";
				PRODUCT_NAME = "$(TARGET_NAME)";
				SWIFT_VERSION = 3.0;
			};
			name = Debug;
		};
		3FE8CB141B02D6BF003DDC04 /* Release */ = {
			isa = XCBuildConfiguration;
			buildSettings = {
				ASSETCATALOG_COMPILER_APPICON_NAME = AppIcon;
				INFOPLIST_FILE = TimeChime/Info.plist;
				IPHONEOS_DEPLOYMENT_TARGET = 8.3;
				LD_RUNPATH_SEARCH_PATHS = "$(inherited) @executable_path/Frameworks";
				PRODUCT_NAME = "$(TARGET_NAME)";
				SWIFT_VERSION = 3.0;
			};
			name = Release;
		};
		3FE8CB161B02D6BF003DDC04 /* Debug */ = {
			isa = XCBuildConfiguration;
			buildSettings = {
				BUNDLE_LOADER = "$(TEST_HOST)";
				FRAMEWORK_SEARCH_PATHS = (
					"$(SDKROOT)/Developer/Library/Frameworks",
					"$(inherited)",
				);
				GCC_PREPROCESSOR_DEFINITIONS = (
					"DEBUG=1",
					"$(inherited)",
				);
				INFOPLIST_FILE = TimeChimeTests/Info.plist;
				LD_RUNPATH_SEARCH_PATHS = "$(inherited) @executable_path/Frameworks @loader_path/Frameworks";
				PRODUCT_NAME = "$(TARGET_NAME)";
				SWIFT_VERSION = 3.0;
				TEST_HOST = "$(BUILT_PRODUCTS_DIR)/TimeChime.app/TimeChime";
			};
			name = Debug;
		};
		3FE8CB171B02D6BF003DDC04 /* Release */ = {
			isa = XCBuildConfiguration;
			buildSettings = {
				BUNDLE_LOADER = "$(TEST_HOST)";
				FRAMEWORK_SEARCH_PATHS = (
					"$(SDKROOT)/Developer/Library/Frameworks",
					"$(inherited)",
				);
				INFOPLIST_FILE = TimeChimeTests/Info.plist;
				LD_RUNPATH_SEARCH_PATHS = "$(inherited) @executable_path/Frameworks @loader_path/Frameworks";
				PRODUCT_NAME = "$(TARGET_NAME)";
				SWIFT_VERSION = 3.0;
				TEST_HOST = "$(BUILT_PRODUCTS_DIR)/TimeChime.app/TimeChime";
			};
			name = Release;
		};
/* End XCBuildConfiguration section */

/* Begin XCConfigurationList section */
		3FE8CAEE1B02D6BF003DDC04 /* Build configuration list for PBXProject "TimeChime" */ = {
			isa = XCConfigurationList;
			buildConfigurations = (
				3FE8CB101B02D6BF003DDC04 /* Debug */,
				3FE8CB111B02D6BF003DDC04 /* Release */,
			);
			defaultConfigurationIsVisible = 0;
			defaultConfigurationName = Release;
		};
		3FE8CB121B02D6BF003DDC04 /* Build configuration list for PBXNativeTarget "TimeChime" */ = {
			isa = XCConfigurationList;
			buildConfigurations = (
				3FE8CB131B02D6BF003DDC04 /* Debug */,
				3FE8CB141B02D6BF003DDC04 /* Release */,
			);
			defaultConfigurationIsVisible = 0;
			defaultConfigurationName = Release;
		};
		3FE8CB151B02D6BF003DDC04 /* Build configuration list for PBXNativeTarget "TimeChimeTests" */ = {
			isa = XCConfigurationList;
			buildConfigurations = (
				3FE8CB161B02D6BF003DDC04 /* Debug */,
				3FE8CB171B02D6BF003DDC04 /* Release */,
			);
			defaultConfigurationIsVisible = 0;
			defaultConfigurationName = Release;
		};
/* End XCConfigurationList section */
	};
	rootObject = 3FE8CAEB1B02D6BF003DDC04 /* Project object */;
}
